
Microsoft Visual Studio Solution File, Format Version 12.00
# Visual Studio Version 16
VisualStudioVersion = 16.0.34031.81
MinimumVisualStudioVersion = 10.0.40219.1
Project("{FAE04EC0-301F-11D3-BF4B-00C04F79EFBC}") = "Servis", "Servis\Servis.csproj", "{D5178620-3CA6-4E64-AF04-523718031DAA}"
EndProject
Global
	GlobalSection(SolutionConfigurationPlatforms) = preSolution
		Debug|Any CPU = Debug|Any CPU
		Release|Any CPU = Release|Any CPU
	EndGlobalSection
	GlobalSection(ProjectConfigurationPlatforms) = postSolution
		{D5178620-3CA6-4E64-AF04-523718031DAA}.Debug|Any CPU.ActiveCfg = Debug|Any CPU
		{D5178620-3CA6-4E64-AF04-523718031DAA}.Debug|Any CPU.Build.0 = Debug|Any CPU
		{D5178620-3CA6-4E64-AF04-523718031DAA}.Release|Any CPU.ActiveCfg = Release|Any CPU
		{D5178620-3CA6-4E64-AF04-523718031DAA}.Release|Any CPU.Build.0 = Release|Any CPU
	EndGlobalSection
	GlobalSection(SolutionProperties) = preSolution
		HideSolutionNode = FALSE
	EndGlobalSection
	GlobalSection(ExtensibilityGlobals) = postSolution
		SolutionGuid = {3EC52B19-25D1-4D25-A1B3-8BC6EBE67953}
	EndGlobalSection
EndGlobal
